// !$*UTF8*$!
{
	archiveVersion = 1;
	classes = {
	};
	objectVersion = 46;
	objects = {

/* Begin PBXBuildFile section */
		4BD4D57E1E9304580083E2D4 /* AppDelegate.swift in Sources */ = {isa = PBXBuildFile; fileRef = 4BD4D57D1E9304580083E2D4 /* AppDelegate.swift */; };
		4BD4D5801E9304580083E2D4 /* ViewController.swift in Sources */ = {isa = PBXBuildFile; fileRef = 4BD4D57F1E9304580083E2D4 /* ViewController.swift */; };
		4BD4D5831E9304580083E2D4 /* Main.storyboard in Resources */ = {isa = PBXBuildFile; fileRef = 4BD4D5811E9304580083E2D4 /* Main.storyboard */; };
		4BD4D5851E9304580083E2D4 /* Assets.xcassets in Resources */ = {isa = PBXBuildFile; fileRef = 4BD4D5841E9304580083E2D4 /* Assets.xcassets */; };
		4BD4D5881E9304580083E2D4 /* LaunchScreen.storyboard in Resources */ = {isa = PBXBuildFile; fileRef = 4BD4D5861E9304580083E2D4 /* LaunchScreen.storyboard */; };
		4BD4D5901E9306B30083E2D4 /* SchoolEvent.swift in Sources */ = {isa = PBXBuildFile; fileRef = 4BD4D58F1E9306B30083E2D4 /* SchoolEvent.swift */; };
		4BD4D5921E932ED30083E2D4 /* SchoolEventTableViewCell.swift in Sources */ = {isa = PBXBuildFile; fileRef = 4BD4D5911E932ED30083E2D4 /* SchoolEventTableViewCell.swift */; };
		4BD4D5941E9348AD0083E2D4 /* DetailViewController.swift in Sources */ = {isa = PBXBuildFile; fileRef = 4BD4D5931E9348AD0083E2D4 /* DetailViewController.swift */; };
		D0E97C093FE166AC23186B26 /* Pods_myHomework.framework in Frameworks */ = {isa = PBXBuildFile; fileRef = E7D7DAA3B8254B3A3AF7F95D /* Pods_myHomework.framework */; };
/* End PBXBuildFile section */

/* Begin PBXFileReference section */
		34034C5CE5D3DDDB73F2D90E /* Pods-myHomework.debug.xcconfig */ = {isa = PBXFileReference; includeInIndex = 1; lastKnownFileType = text.xcconfig; name = "Pods-myHomework.debug.xcconfig"; path = "Pods/Target Support Files/Pods-myHomework/Pods-myHomework.debug.xcconfig"; sourceTree = "<group>"; };
		4BD4D57A1E9304580083E2D4 /* myHomework.app */ = {isa = PBXFileReference; explicitFileType = wrapper.application; includeInIndex = 0; path = myHomework.app; sourceTree = BUILT_PRODUCTS_DIR; };
		4BD4D57D1E9304580083E2D4 /* AppDelegate.swift */ = {isa = PBXFileReference; lastKnownFileType = sourcecode.swift; path = AppDelegate.swift; sourceTree = "<group>"; };
		4BD4D57F1E9304580083E2D4 /* ViewController.swift */ = {isa = PBXFileReference; lastKnownFileType = sourcecode.swift; path = ViewController.swift; sourceTree = "<group>"; };
		4BD4D5821E9304580083E2D4 /* Base */ = {isa = PBXFileReference; lastKnownFileType = file.storyboard; name = Base; path = Base.lproj/Main.storyboard; sourceTree = "<group>"; };
		4BD4D5841E9304580083E2D4 /* Assets.xcassets */ = {isa = PBXFileReference; lastKnownFileType = folder.assetcatalog; path = Assets.xcassets; sourceTree = "<group>"; };
		4BD4D5871E9304580083E2D4 /* Base */ = {isa = PBXFileReference; lastKnownFileType = file.storyboard; name = Base; path = Base.lproj/LaunchScreen.storyboard; sourceTree = "<group>"; };
		4BD4D5891E9304580083E2D4 /* Info.plist */ = {isa = PBXFileReference; lastKnownFileType = text.plist.xml; path = Info.plist; sourceTree = "<group>"; };
		4BD4D58F1E9306B30083E2D4 /* SchoolEvent.swift */ = {isa = PBXFileReference; fileEncoding = 4; lastKnownFileType = sourcecode.swift; path = SchoolEvent.swift; sourceTree = "<group>"; };
		4BD4D5911E932ED30083E2D4 /* SchoolEventTableViewCell.swift */ = {isa = PBXFileReference; fileEncoding = 4; lastKnownFileType = sourcecode.swift; path = SchoolEventTableViewCell.swift; sourceTree = "<group>"; };
		4BD4D5931E9348AD0083E2D4 /* DetailViewController.swift */ = {isa = PBXFileReference; fileEncoding = 4; lastKnownFileType = sourcecode.swift; path = DetailViewController.swift; sourceTree = "<group>"; };
		6BD4763FA00276022D1A2D0E /* Pods-myHomework.release.xcconfig */ = {isa = PBXFileReference; includeInIndex = 1; lastKnownFileType = text.xcconfig; name = "Pods-myHomework.release.xcconfig"; path = "Pods/Target Support Files/Pods-myHomework/Pods-myHomework.release.xcconfig"; sourceTree = "<group>"; };
		E7D7DAA3B8254B3A3AF7F95D /* Pods_myHomework.framework */ = {isa = PBXFileReference; explicitFileType = wrapper.framework; includeInIndex = 0; path = Pods_myHomework.framework; sourceTree = BUILT_PRODUCTS_DIR; };
/* End PBXFileReference section */

/* Begin PBXFrameworksBuildPhase section */
		4BD4D5771E9304580083E2D4 /* Frameworks */ = {
			isa = PBXFrameworksBuildPhase;
			buildActionMask = 2147483647;
			files = (
				D0E97C093FE166AC23186B26 /* Pods_myHomework.framework in Frameworks */,
			);
			runOnlyForDeploymentPostprocessing = 0;
		};
/* End PBXFrameworksBuildPhase section */

/* Begin PBXGroup section */
		080B769702EFB319FFD4319E /* Frameworks */ = {
			isa = PBXGroup;
			children = (
				E7D7DAA3B8254B3A3AF7F95D /* Pods_myHomework.framework */,
			);
			name = Frameworks;
			sourceTree = "<group>";
		};
		4BD4D5711E9304580083E2D4 = {
			isa = PBXGroup;
			children = (
				4BD4D57C1E9304580083E2D4 /* myHomework */,
				4BD4D57B1E9304580083E2D4 /* Products */,
				A4B249462BEAB8CC540708C4 /* Pods */,
				080B769702EFB319FFD4319E /* Frameworks */,
			);
			sourceTree = "<group>";
		};
		4BD4D57B1E9304580083E2D4 /* Products */ = {
			isa = PBXGroup;
			children = (
				4BD4D57A1E9304580083E2D4 /* myHomework.app */,
			);
			name = Products;
			sourceTree = "<group>";
		};
		4BD4D57C1E9304580083E2D4 /* myHomework */ = {
			isa = PBXGroup;
			children = (
				4BD4D57D1E9304580083E2D4 /* AppDelegate.swift */,
				4BD4D57F1E9304580083E2D4 /* ViewController.swift */,
				4BD4D5931E9348AD0083E2D4 /* DetailViewController.swift */,
				4BD4D58F1E9306B30083E2D4 /* SchoolEvent.swift */,
				4BD4D5911E932ED30083E2D4 /* SchoolEventTableViewCell.swift */,
				4BD4D5811E9304580083E2D4 /* Main.storyboard */,
				4BD4D5841E9304580083E2D4 /* Assets.xcassets */,
				4BD4D5861E9304580083E2D4 /* LaunchScreen.storyboard */,
				4BD4D5891E9304580083E2D4 /* Info.plist */,
			);
			path = myHomework;
			sourceTree = "<group>";
		};
		A4B249462BEAB8CC540708C4 /* Pods */ = {
			isa = PBXGroup;
			children = (
				34034C5CE5D3DDDB73F2D90E /* Pods-myHomework.debug.xcconfig */,
				6BD4763FA00276022D1A2D0E /* Pods-myHomework.release.xcconfig */,
			);
			name = Pods;
			sourceTree = "<group>";
		};
/* End PBXGroup section */

/* Begin PBXNativeTarget section */
		4BD4D5791E9304580083E2D4 /* myHomework */ = {
			isa = PBXNativeTarget;
			buildConfigurationList = 4BD4D58C1E9304580083E2D4 /* Build configuration list for PBXNativeTarget "myHomework" */;
			buildPhases = (
				C6F119024FB5B0F09E2CACDA /* [CP] Check Pods Manifest.lock */,
				4BD4D5761E9304580083E2D4 /* Sources */,
				4BD4D5771E9304580083E2D4 /* Frameworks */,
				4BD4D5781E9304580083E2D4 /* Resources */,
				B8546F1FB2C7204816E905C1 /* [CP] Embed Pods Frameworks */,
				99FF9CBDBFF7405F43F0190D /* [CP] Copy Pods Resources */,
			);
			buildRules = (
			);
			dependencies = (
			);
			name = myHomework;
			productName = myHomework;
			productReference = 4BD4D57A1E9304580083E2D4 /* myHomework.app */;
			productType = "com.apple.product-type.application";
		};
/* End PBXNativeTarget section */

/* Begin PBXProject section */
		4BD4D5721E9304580083E2D4 /* Project object */ = {
			isa = PBXProject;
			attributes = {
				LastSwiftUpdateCheck = 0820;
				LastUpgradeCheck = 0820;
				ORGANIZATIONNAME = "Shane Empie";
				TargetAttributes = {
					4BD4D5791E9304580083E2D4 = {
						CreatedOnToolsVersion = 8.2.1;
						DevelopmentTeam = 9N6M5Y8VH3;
						ProvisioningStyle = Automatic;
					};
				};
			};
			buildConfigurationList = 4BD4D5751E9304580083E2D4 /* Build configuration list for PBXProject "myHomework" */;
			compatibilityVersion = "Xcode 3.2";
			developmentRegion = English;
			hasScannedForEncodings = 0;
			knownRegions = (
				en,
				Base,
			);
			mainGroup = 4BD4D5711E9304580083E2D4;
			productRefGroup = 4BD4D57B1E9304580083E2D4 /* Products */;
			projectDirPath = "";
			projectRoot = "";
			targets = (
				4BD4D5791E9304580083E2D4 /* myHomework */,
			);
		};
/* End PBXProject section */

/* Begin PBXResourcesBuildPhase section */
		4BD4D5781E9304580083E2D4 /* Resources */ = {
			isa = PBXResourcesBuildPhase;
			buildActionMask = 2147483647;
			files = (
				4BD4D5881E9304580083E2D4 /* LaunchScreen.storyboard in Resources */,
				4BD4D5851E9304580083E2D4 /* Assets.xcassets in Resources */,
				4BD4D5831E9304580083E2D4 /* Main.storyboard in Resources */,
			);
			runOnlyForDeploymentPostprocessing = 0;
		};
/* End PBXResourcesBuildPhase section */

/* Begin PBXShellScriptBuildPhase section */
		99FF9CBDBFF7405F43F0190D /* [CP] Copy Pods Resources */ = {
			isa = PBXShellScriptBuildPhase;
			buildActionMask = 2147483647;
			files = (
			);
			inputPaths = (
			);
			name = "[CP] Copy Pods Resources";
			outputPaths = (
			);
			runOnlyForDeploymentPostprocessing = 0;
			shellPath = /bin/sh;
			shellScript = "\"${SRCROOT}/Pods/Target Support Files/Pods-myHomework/Pods-myHomework-resources.sh\"\n";
			showEnvVarsInLog = 0;
		};
		B8546F1FB2C7204816E905C1 /* [CP] Embed Pods Frameworks */ = {
			isa = PBXShellScriptBuildPhase;
			buildActionMask = 2147483647;
			files = (
			);
			inputPaths = (
			);
			name = "[CP] Embed Pods Frameworks";
			outputPaths = (
			);
			runOnlyForDeploymentPostprocessing = 0;
			shellPath = /bin/sh;
			shellScript = "\"${SRCROOT}/Pods/Target Support Files/Pods-myHomework/Pods-myHomework-frameworks.sh\"\n";
			showEnvVarsInLog = 0;
		};
		C6F119024FB5B0F09E2CACDA /* [CP] Check Pods Manifest.lock */ = {
			isa = PBXShellScriptBuildPhase;
			buildActionMask = 2147483647;
			files = (
			);
			inputPaths = (
			);
			name = "[CP] Check Pods Manifest.lock";
			outputPaths = (
			);
			runOnlyForDeploymentPostprocessing = 0;
			shellPath = /bin/sh;
			shellScript = "diff \"${PODS_ROOT}/../Podfile.lock\" \"${PODS_ROOT}/Manifest.lock\" > /dev/null\nif [ $? != 0 ] ; then\n    # print error to STDERR\n    echo \"error: The sandbox is not in sync with the Podfile.lock. Run 'pod install' or update your CocoaPods installation.\" >&2\n    exit 1\nfi\n";
			showEnvVarsInLog = 0;
		};
/* End PBXShellScriptBuildPhase section */

/* Begin PBXSourcesBuildPhase section */
		4BD4D5761E9304580083E2D4 /* Sources */ = {
			isa = PBXSourcesBuildPhase;
			buildActionMask = 2147483647;
			files = (
				4BD4D5801E9304580083E2D4 /* ViewController.swift in Sources */,
				4BD4D57E1E9304580083E2D4 /* AppDelegate.swift in Sources */,
				4BD4D5941E9348AD0083E2D4 /* DetailViewController.swift in Sources */,
				4BD4D5921E932ED30083E2D4 /* SchoolEventTableViewCell.swift in Sources */,
				4BD4D5901E9306B30083E2D4 /* SchoolEvent.swift in Sources */,
			);
			runOnlyForDeploymentPostprocessing = 0;
		};
/* End PBXSourcesBuildPhase section */

/* Begin PBXVariantGroup section */
		4BD4D5811E9304580083E2D4 /* Main.storyboard */ = {
			isa = PBXVariantGroup;
			children = (
				4BD4D5821E9304580083E2D4 /* Base */,
			);
			name = Main.storyboard;
			sourceTree = "<group>";
		};
		4BD4D5861E9304580083E2D4 /* LaunchScreen.storyboard */ = {
			isa = PBXVariantGroup;
			children = (
				4BD4D5871E9304580083E2D4 /* Base */,
			);
			name = LaunchScreen.storyboard;
			sourceTree = "<group>";
		};
/* End PBXVariantGroup section */

/* Begin XCBuildConfiguration section */
		4BD4D58A1E9304580083E2D4 /* Debug */ = {
			isa = XCBuildConfiguration;
			buildSettings = {
				ALWAYS_SEARCH_USER_PATHS = NO;
				CLANG_ANALYZER_NONNULL = YES;
				CLANG_CXX_LANGUAGE_STANDARD = "gnu++0x";
				CLANG_CXX_LIBRARY = "libc++";
				CLANG_ENABLE_MODULES = YES;
				CLANG_ENABLE_OBJC_ARC = YES;
				CLANG_WARN_BOOL_CONVERSION = YES;
				CLANG_WARN_CONSTANT_CONVERSION = YES;
				CLANG_WARN_DIRECT_OBJC_ISA_USAGE = YES_ERROR;
				CLANG_WARN_DOCUMENTATION_COMMENTS = YES;
				CLANG_WARN_EMPTY_BODY = YES;
				CLANG_WARN_ENUM_CONVERSION = YES;
				CLANG_WARN_INFINITE_RECURSION = YES;
				CLANG_WARN_INT_CONVERSION = YES;
				CLANG_WARN_OBJC_ROOT_CLASS = YES_ERROR;
				CLANG_WARN_SUSPICIOUS_MOVE = YES;
				CLANG_WARN_UNREACHABLE_CODE = YES;
				CLANG_WARN__DUPLICATE_METHOD_MATCH = YES;
				"CODE_SIGN_IDENTITY[sdk=iphoneos*]" = "iPhone Developer";
				COPY_PHASE_STRIP = NO;
				DEBUG_INFORMATION_FORMAT = dwarf;
				ENABLE_STRICT_OBJC_MSGSEND = YES;
				ENABLE_TESTABILITY = YES;
				GCC_C_LANGUAGE_STANDARD = gnu99;
				GCC_DYNAMIC_NO_PIC = NO;
				GCC_NO_COMMON_BLOCKS = YES;
				GCC_OPTIMIZATION_LEVEL = 0;
				GCC_PREPROCESSOR_DEFINITIONS = (
					"DEBUG=1",
					"$(inherited)",
				);
				GCC_WARN_64_TO_32_BIT_CONVERSION = YES;
				GCC_WARN_ABOUT_RETURN_TYPE = YES_ERROR;
				GCC_WARN_UNDECLARED_SELECTOR = YES;
				GCC_WARN_UNINITIALIZED_AUTOS = YES_AGGRESSIVE;
				GCC_WARN_UNUSED_FUNCTION = YES;
				GCC_WARN_UNUSED_VARIABLE = YES;
				IPHONEOS_DEPLOYMENT_TARGET = 10.2;
				MTL_ENABLE_DEBUG_INFO = YES;
				ONLY_ACTIVE_ARCH = YES;
				SDKROOT = iphoneos;
				SWIFT_ACTIVE_COMPILATION_CONDITIONS = DEBUG;
				SWIFT_OPTIMIZATION_LEVEL = "-Onone";
				TARGETED_DEVICE_FAMILY = "1,2";
			};
			name = Debug;
		};
		4BD4D58B1E9304580083E2D4 /* Release */ = {
			isa = XCBuildConfiguration;
			buildSettings = {
				ALWAYS_SEARCH_USER_PATHS = NO;
				CLANG_ANALYZER_NONNULL = YES;
				CLANG_CXX_LANGUAGE_STANDARD = "gnu++0x";
				CLANG_CXX_LIBRARY = "libc++";
				CLANG_ENABLE_MODULES = YES;
				CLANG_ENABLE_OBJC_ARC = YES;
				CLANG_WARN_BOOL_CONVERSION = YES;
				CLANG_WARN_CONSTANT_CONVERSION = YES;
				CLANG_WARN_DIRECT_OBJC_ISA_USAGE = YES_ERROR;
				CLANG_WARN_DOCUMENTATION_COMMENTS = YES;
				CLANG_WARN_EMPTY_BODY = YES;
				CLANG_WARN_ENUM_CONVERSION = YES;
				CLANG_WARN_INFINITE_RECURSION = YES;
				CLANG_WARN_INT_CONVERSION = YES;
				CLANG_WARN_OBJC_ROOT_CLASS = YES_ERROR;
				CLANG_WARN_SUSPICIOUS_MOVE = YES;
				CLANG_WARN_UNREACHABLE_CODE = YES;
				CLANG_WARN__DUPLICATE_METHOD_MATCH = YES;
				"CODE_SIGN_IDENTITY[sdk=iphoneos*]" = "iPhone Developer";
				COPY_PHASE_STRIP = NO;
				DEBUG_INFORMATION_FORMAT = "dwarf-with-dsym";
				ENABLE_NS_ASSERTIONS = NO;
				ENABLE_STRICT_OBJC_MSGSEND = YES;
				GCC_C_LANGUAGE_STANDARD = gnu99;
				GCC_NO_COMMON_BLOCKS = YES;
				GCC_WARN_64_TO_32_BIT_CONVERSION = YES;
				GCC_WARN_ABOUT_RETURN_TYPE = YES_ERROR;
				GCC_WARN_UNDECLARED_SELECTOR = YES;
				GCC_WARN_UNINITIALIZED_AUTOS = YES_AGGRESSIVE;
				GCC_WARN_UNUSED_FUNCTION = YES;
				GCC_WARN_UNUSED_VARIABLE = YES;
				IPHONEOS_DEPLOYMENT_TARGET = 10.2;
				MTL_ENABLE_DEBUG_INFO = NO;
				SDKROOT = iphoneos;
				SWIFT_OPTIMIZATION_LEVEL = "-Owholemodule";
				TARGETED_DEVICE_FAMILY = "1,2";
				VALIDATE_PRODUCT = YES;
			};
			name = Release;
		};
		4BD4D58D1E9304580083E2D4 /* Debug */ = {
			isa = XCBuildConfiguration;
			baseConfigurationReference = 34034C5CE5D3DDDB73F2D90E /* Pods-myHomework.debug.xcconfig */;
			buildSettings = {
				ASSETCATALOG_COMPILER_APPICON_NAME = AppIcon;
				DEVELOPMENT_TEAM = 9N6M5Y8VH3;
				INFOPLIST_FILE = myHomework/Info.plist;
				LD_RUNPATH_SEARCH_PATHS = "$(inherited) @executable_path/Frameworks";
				PRODUCT_BUNDLE_IDENTIFIER = wccnet.edu.sempie.myHomework;
				PRODUCT_NAME = "$(TARGET_NAME)";
				SWIFT_VERSION = 3.0;
			};
			name = Debug;
		};
		4BD4D58E1E9304580083E2D4 /* Release */ = {
			isa = XCBuildConfiguration;
			baseConfigurationReference = 6BD4763FA00276022D1A2D0E /* Pods-myHomework.release.xcconfig */;
			buildSettings = {
				ASSETCATALOG_COMPILER_APPICON_NAME = AppIcon;
				DEVELOPMENT_TEAM = 9N6M5Y8VH3;
				INFOPLIST_FILE = myHomework/Info.plist;
				LD_RUNPATH_SEARCH_PATHS = "$(inherited) @executable_path/Frameworks";
				PRODUCT_BUNDLE_IDENTIFIER = wccnet.edu.sempie.myHomework;
				PRODUCT_NAME = "$(TARGET_NAME)";
				SWIFT_VERSION = 3.0;
			};
			name = Release;
		};
/* End XCBuildConfiguration section */

/* Begin XCConfigurationList section */
		4BD4D5751E9304580083E2D4 /* Build configuration list for PBXProject "myHomework" */ = {
			isa = XCConfigurationList;
			buildConfigurations = (
				4BD4D58A1E9304580083E2D4 /* Debug */,
				4BD4D58B1E9304580083E2D4 /* Release */,
			);
			defaultConfigurationIsVisible = 0;
			defaultConfigurationName = Release;
		};
		4BD4D58C1E9304580083E2D4 /* Build configuration list for PBXNativeTarget "myHomework" */ = {
			isa = XCConfigurationList;
			buildConfigurations = (
				4BD4D58D1E9304580083E2D4 /* Debug */,
				4BD4D58E1E9304580083E2D4 /* Release */,
			);
			defaultConfigurationIsVisible = 0;
			defaultConfigurationName = Release;
		};
/* End XCConfigurationList section */
	};
	rootObject = 4BD4D5721E9304580083E2D4 /* Project object */;
}
